agent: bolt
started_utc: 2026-08-25T09:05
version: v2.5.1272
commit: pending
task: the three right-rail widgets return to the empty band under the octagon - ARENA COMMAND, BATTLE GIFTS and ARENA PULSE become three collapsible cards in a new desktop grid row between the floor and the rank strip; the node also moves down on the phone by the Owner's word
